
Microsoft Visual Studio Solution File, Format Version 12.00
# Visual Studio Version 16
VisualStudioVersion = 16.0.30114.105
MinimumVisualStudioVersion = 10.0.40219.1
Project("{2150E333-8FDC-42A3-9474-1A3956D46DE8}") = "src", "src", "{903F3896-6C66-4AF1-A5E3-A36074EC732E}"
EndProject
Project("{2150E333-8FDC-42A3-9474-1A3956D46DE8}") = "Core", "Core", "{2C40A2CA-D038-497E-82BB-2651B808B290}"
EndProject
Project("{FAE04EC0-301F-11D3-BF4B-00C04F79EFBC}") = "Application", "src\Core\Application\Application.csproj", "{3B140462-3B4E-45C9-8B62-72C0953F4958}"
EndProject
Project("{FAE04EC0-301F-11D3-BF4B-00C04F79EFBC}") = "Domain", "src\Core\Domain\Domain.csproj", "{D8FD5B8B-FB31-446C-B110-D1E6CF0FF364}"
EndProject
Project("{2150E333-8FDC-42A3-9474-1A3956D46DE8}") = "Infrastructure", "Infrastructure", "{978372B9-9223-484C-BD87-13BF4ADDE068}"
EndProject
Project("{FAE04EC0-301F-11D3-BF4B-00C04F79EFBC}") = "Infrastructure.Identity", "src\Infrastructure\Infrastructure.Identity\Infrastructure.Identity.csproj", "{BF587D78-426A-4D1C-8CDE-31E44E9AC9F7}"
EndProject
Project("{2150E333-8FDC-42A3-9474-1A3956D46DE8}") = "Presentation", "Presentation", "{EDC2E6E2-29EE-4EDF-87B1-095E542467E7}"
EndProject
Project("{FAE04EC0-301F-11D3-BF4B-00C04F79EFBC}") = "Presentation.WebApp", "src\Presentation\Presentation.WebApp\Presentation.WebApp.csproj", "{DFF3C2B2-45A5-422C-B6F2-F875DFC335C4}"
EndProject
Global
	GlobalSection(SolutionConfigurationPlatforms) = preSolution
		Debug|Any CPU = Debug|Any CPU
		Debug|x64 = Debug|x64
		Debug|x86 = Debug|x86
		Release|Any CPU = Release|Any CPU
		Release|x64 = Release|x64
		Release|x86 = Release|x86
	EndGlobalSection
	GlobalSection(SolutionProperties) = preSolution
		HideSolutionNode = FALSE
	EndGlobalSection
	GlobalSection(ProjectConfigurationPlatforms) = postSolution
		{3B140462-3B4E-45C9-8B62-72C0953F4958}.Debug|Any CPU.ActiveCfg = Debug|Any CPU
		{3B140462-3B4E-45C9-8B62-72C0953F4958}.Debug|Any CPU.Build.0 = Debug|Any CPU
		{3B140462-3B4E-45C9-8B62-72C0953F4958}.Debug|x64.ActiveCfg = Debug|Any CPU
		{3B140462-3B4E-45C9-8B62-72C0953F4958}.Debug|x64.Build.0 = Debug|Any CPU
		{3B140462-3B4E-45C9-8B62-72C0953F4958}.Debug|x86.ActiveCfg = Debug|Any CPU
		{3B140462-3B4E-45C9-8B62-72C0953F4958}.Debug|x86.Build.0 = Debug|Any CPU
		{3B140462-3B4E-45C9-8B62-72C0953F4958}.Release|Any CPU.ActiveCfg = Release|Any CPU
		{3B140462-3B4E-45C9-8B62-72C0953F4958}.Release|Any CPU.Build.0 = Release|Any CPU
		{3B140462-3B4E-45C9-8B62-72C0953F4958}.Release|x64.ActiveCfg = Release|Any CPU
		{3B140462-3B4E-45C9-8B62-72C0953F4958}.Release|x64.Build.0 = Release|Any CPU
		{3B140462-3B4E-45C9-8B62-72C0953F4958}.Release|x86.ActiveCfg = Release|Any CPU
		{3B140462-3B4E-45C9-8B62-72C0953F4958}.Release|x86.Build.0 = Release|Any CPU
		{D8FD5B8B-FB31-446C-B110-D1E6CF0FF364}.Debug|Any CPU.ActiveCfg = Debug|Any CPU
		{D8FD5B8B-FB31-446C-B110-D1E6CF0FF364}.Debug|Any CPU.Build.0 = Debug|Any CPU
		{D8FD5B8B-FB31-446C-B110-D1E6CF0FF364}.Debug|x64.ActiveCfg = Debug|Any CPU
		{D8FD5B8B-FB31-446C-B110-D1E6CF0FF364}.Debug|x64.Build.0 = Debug|Any CPU
		{D8FD5B8B-FB31-446C-B110-D1E6CF0FF364}.Debug|x86.ActiveCfg = Debug|Any CPU
		{D8FD5B8B-FB31-446C-B110-D1E6CF0FF364}.Debug|x86.Build.0 = Debug|Any CPU
		{D8FD5B8B-FB31-446C-B110-D1E6CF0FF364}.Release|Any CPU.ActiveCfg = Release|Any CPU
		{D8FD5B8B-FB31-446C-B110-D1E6CF0FF364}.Release|Any CPU.Build.0 = Release|Any CPU
		{D8FD5B8B-FB31-446C-B110-D1E6CF0FF364}.Release|x64.ActiveCfg = Release|Any CPU
		{D8FD5B8B-FB31-446C-B110-D1E6CF0FF364}.Release|x64.Build.0 = Release|Any CPU
		{D8FD5B8B-FB31-446C-B110-D1E6CF0FF364}.Release|x86.ActiveCfg = Release|Any CPU
		{D8FD5B8B-FB31-446C-B110-D1E6CF0FF364}.Release|x86.Build.0 = Release|Any CPU
		{BF587D78-426A-4D1C-8CDE-31E44E9AC9F7}.Debug|Any CPU.ActiveCfg = Debug|Any CPU
		{BF587D78-426A-4D1C-8CDE-31E44E9AC9F7}.Debug|Any CPU.Build.0 = Debug|Any CPU
		{BF587D78-426A-4D1C-8CDE-31E44E9AC9F7}.Debug|x64.ActiveCfg = Debug|Any CPU
		{BF587D78-426A-4D1C-8CDE-31E44E9AC9F7}.Debug|x64.Build.0 = Debug|Any CPU
		{BF587D78-426A-4D1C-8CDE-31E44E9AC9F7}.Debug|x86.ActiveCfg = Debug|Any CPU
		{BF587D78-426A-4D1C-8CDE-31E44E9AC9F7}.Debug|x86.Build.0 = Debug|Any CPU
		{BF587D78-426A-4D1C-8CDE-31E44E9AC9F7}.Release|Any CPU.ActiveCfg = Release|Any CPU
		{BF587D78-426A-4D1C-8CDE-31E44E9AC9F7}.Release|Any CPU.Build.0 = Release|Any CPU
		{BF587D78-426A-4D1C-8CDE-31E44E9AC9F7}.Release|x64.ActiveCfg = Release|Any CPU
		{BF587D78-426A-4D1C-8CDE-31E44E9AC9F7}.Release|x64.Build.0 = Release|Any CPU
		{BF587D78-426A-4D1C-8CDE-31E44E9AC9F7}.Release|x86.ActiveCfg = Release|Any CPU
		{BF587D78-426A-4D1C-8CDE-31E44E9AC9F7}.Release|x86.Build.0 = Release|Any CPU
		{DFF3C2B2-45A5-422C-B6F2-F875DFC335C4}.Debug|Any CPU.ActiveCfg = Debug|Any CPU
		{DFF3C2B2-45A5-422C-B6F2-F875DFC335C4}.Debug|Any CPU.Build.0 = Debug|Any CPU
		{DFF3C2B2-45A5-422C-B6F2-F875DFC335C4}.Debug|x64.ActiveCfg = Debug|Any CPU
		{DFF3C2B2-45A5-422C-B6F2-F875DFC335C4}.Debug|x64.Build.0 = Debug|Any CPU
		{DFF3C2B2-45A5-422C-B6F2-F875DFC335C4}.Debug|x86.ActiveCfg = Debug|Any CPU
		{DFF3C2B2-45A5-422C-B6F2-F875DFC335C4}.Debug|x86.Build.0 = Debug|Any CPU
		{DFF3C2B2-45A5-422C-B6F2-F875DFC335C4}.Release|Any CPU.ActiveCfg = Release|Any CPU
		{DFF3C2B2-45A5-422C-B6F2-F875DFC335C4}.Release|Any CPU.Build.0 = Release|Any CPU
		{DFF3C2B2-45A5-422C-B6F2-F875DFC335C4}.Release|x64.ActiveCfg = Release|Any CPU
		{DFF3C2B2-45A5-422C-B6F2-F875DFC335C4}.Release|x64.Build.0 = Release|Any CPU
		{DFF3C2B2-45A5-422C-B6F2-F875DFC335C4}.Release|x86.ActiveCfg = Release|Any CPU
		{DFF3C2B2-45A5-422C-B6F2-F875DFC335C4}.Release|x86.Build.0 = Release|Any CPU
	EndGlobalSection
	GlobalSection(NestedProjects) = preSolution
		{2C40A2CA-D038-497E-82BB-2651B808B290} = {903F3896-6C66-4AF1-A5E3-A36074EC732E}
		{3B140462-3B4E-45C9-8B62-72C0953F4958} = {2C40A2CA-D038-497E-82BB-2651B808B290}
		{D8FD5B8B-FB31-446C-B110-D1E6CF0FF364} = {2C40A2CA-D038-497E-82BB-2651B808B290}
		{978372B9-9223-484C-BD87-13BF4ADDE068} = {903F3896-6C66-4AF1-A5E3-A36074EC732E}
		{BF587D78-426A-4D1C-8CDE-31E44E9AC9F7} = {978372B9-9223-484C-BD87-13BF4ADDE068}
		{EDC2E6E2-29EE-4EDF-87B1-095E542467E7} = {903F3896-6C66-4AF1-A5E3-A36074EC732E}
		{DFF3C2B2-45A5-422C-B6F2-F875DFC335C4} = {EDC2E6E2-29EE-4EDF-87B1-095E542467E7}
	EndGlobalSection
EndGlobal
